// !$*UTF8*$!
{
	archiveVersion = 1;
	classes = {
	};
	objectVersion = 55;
	objects = {

/* Begin PBXBuildFile section */
		2A7A1C0927ED916D00905F9A /* weatherModel.swift in Sources */ = {isa = PBXBuildFile; fileRef = 2A7A1C0827ED916D00905F9A /* weatherModel.swift */; };
		2A93815727EC2ABE006D3966 /* AppDelegate.swift in Sources */ = {isa = PBXBuildFile; fileRef = 2A93815627EC2ABE006D3966 /* AppDelegate.swift */; };
		2A93815927EC2ABE006D3966 /* SceneDelegate.swift in Sources */ = {isa = PBXBuildFile; fileRef = 2A93815827EC2ABE006D3966 /* SceneDelegate.swift */; };
		2A93815B27EC2ABE006D3966 /* ViewController.swift in Sources */ = {isa = PBXBuildFile; fileRef = 2A93815A27EC2ABE006D3966 /* ViewController.swift */; };
		2A93815E27EC2ABE006D3966 /* Main.storyboard in Resources */ = {isa = PBXBuildFile; fileRef = 2A93815C27EC2ABE006D3966 /* Main.storyboard */; };
		2A93816027EC2ABF006D3966 /* Assets.xcassets in Resources */ = {isa = PBXBuildFile; fileRef = 2A93815F27EC2ABF006D3966 /* Assets.xcassets */; };
		2A93816327EC2ABF006D3966 /* LaunchScreen.storyboard in Resources */ = {isa = PBXBuildFile; fileRef = 2A93816127EC2ABF006D3966 /* LaunchScreen.storyboard */; };
		2A93816E27EC2ABF006D3966 /* WeatherApplicationTests.swift in Sources */ = {isa = PBXBuildFile; fileRef = 2A93816D27EC2ABF006D3966 /* WeatherApplicationTests.swift */; };
		2A93817827EC2AC0006D3966 /* WeatherApplicationUITests.swift in Sources */ = {isa = PBXBuildFile; fileRef = 2A93817727EC2AC0006D3966 /* WeatherApplicationUITests.swift */; };
		2A93817A27EC2AC0006D3966 /* WeatherApplicationUITestsLaunchTests.swift in Sources */ = {isa = PBXBuildFile; fileRef = 2A93817927EC2AC0006D3966 /* WeatherApplicationUITestsLaunchTests.swift */; };
		2A9EA31527F1BFCE00582901 /* weatherData.swift in Sources */ = {isa = PBXBuildFile; fileRef = 2A9EA31427F1BFCE00582901 /* weatherData.swift */; };
		2A9EA31727F1BFED00582901 /* weatherManager.swift in Sources */ = {isa = PBXBuildFile; fileRef = 2A9EA31627F1BFED00582901 /* weatherManager.swift */; };
/* End PBXBuildFile section */

/* Begin PBXContainerItemProxy section */
		2A93816A27EC2ABF006D3966 /* PBXContainerItemProxy */ = {
			isa = PBXContainerItemProxy;
			containerPortal = 2A93814B27EC2ABE006D3966 /* Project object */;
			proxyType = 1;
			remoteGlobalIDString = 2A93815227EC2ABE006D3966;
			remoteInfo = WeatherApplication;
		};
		2A93817427EC2AC0006D3966 /* PBXContainerItemProxy */ = {
			isa = PBXContainerItemProxy;
			containerPortal = 2A93814B27EC2ABE006D3966 /* Project object */;
			proxyType = 1;
			remoteGlobalIDString = 2A93815227EC2ABE006D3966;
			remoteInfo = WeatherApplication;
		};
/* End PBXContainerItemProxy section */

/* Begin PBXFileReference section */
		2A7A1C0827ED916D00905F9A /* weatherModel.swift */ = {isa = PBXFileReference; lastKnownFileType = sourcecode.swift; path = weatherModel.swift; sourceTree = "<group>"; };
		2A93815327EC2ABE006D3966 /* WeatherApplication.app */ = {isa = PBXFileReference; explicitFileType = wrapper.application; includeInIndex = 0; path = WeatherApplication.app; sourceTree = BUILT_PRODUCTS_DIR; };
		2A93815627EC2ABE006D3966 /* AppDelegate.swift */ = {isa = PBXFileReference; lastKnownFileType = sourcecode.swift; path = AppDelegate.swift; sourceTree = "<group>"; };
		2A93815827EC2ABE006D3966 /* SceneDelegate.swift */ = {isa = PBXFileReference; lastKnownFileType = sourcecode.swift; path = SceneDelegate.swift; sourceTree = "<group>"; };
		2A93815A27EC2ABE006D3966 /* ViewController.swift */ = {isa = PBXFileReference; lastKnownFileType = sourcecode.swift; path = ViewController.swift; sourceTree = "<group>"; };
		2A93815D27EC2ABE006D3966 /* Base */ = {isa = PBXFileReference; lastKnownFileType = file.storyboard; name = Base; path = Base.lproj/Main.storyboard; sourceTree = "<group>"; };
		2A93815F27EC2ABF006D3966 /* Assets.xcassets */ = {isa = PBXFileReference; lastKnownFileType = folder.assetcatalog; path = Assets.xcassets; sourceTree = "<group>"; };
		2A93816227EC2ABF006D3966 /* Base */ = {isa = PBXFileReference; lastKnownFileType = file.storyboard; name = Base; path = Base.lproj/LaunchScreen.storyboard; sourceTree = "<group>"; };
		2A93816427EC2ABF006D3966 /* Info.plist */ = {isa = PBXFileReference; lastKnownFileType = text.plist.xml; path = Info.plist; sourceTree = "<group>"; };
		2A93816927EC2ABF006D3966 /* WeatherApplicationTests.xctest */ = {isa = PBXFileReference; explicitFileType = wrapper.cfbundle; includeInIndex = 0; path = WeatherApplicationTests.xctest; sourceTree = BUILT_PRODUCTS_DIR; };
		2A93816D27EC2ABF006D3966 /* WeatherApplicationTests.swift */ = {isa = PBXFileReference; lastKnownFileType = sourcecode.swift; path = WeatherApplicationTests.swift; sourceTree = "<group>"; };
		2A93817327EC2AC0006D3966 /* WeatherApplicationUITests.xctest */ = {isa = PBXFileReference; explicitFileType = wrapper.cfbundle; includeInIndex = 0; path = WeatherApplicationUITests.xctest; sourceTree = BUILT_PRODUCTS_DIR; };
		2A93817727EC2AC0006D3966 /* WeatherApplicationUITests.swift */ = {isa = PBXFileReference; lastKnownFileType = sourcecode.swift; path = WeatherApplicationUITests.swift; sourceTree = "<group>"; };
		2A93817927EC2AC0006D3966 /* WeatherApplicationUITestsLaunchTests.swift */ = {isa = PBXFileReference; lastKnownFileType = sourcecode.swift; path = WeatherApplicationUITestsLaunchTests.swift; sourceTree = "<group>"; };
		2A9EA31427F1BFCE00582901 /* weatherData.swift */ = {isa = PBXFileReference; lastKnownFileType = sourcecode.swift; path = weatherData.swift; sourceTree = "<group>"; };
		2A9EA31627F1BFED00582901 /* weatherManager.swift */ = {isa = PBXFileReference; lastKnownFileType = sourcecode.swift; path = weatherManager.swift; sourceTree = "<group>"; };
/* End PBXFileReference section */

/* Begin PBXFrameworksBuildPhase section */
		2A93815027EC2ABE006D3966 /* Frameworks */ = {
			isa = PBXFrameworksBuildPhase;
			buildActionMask = 2147483647;
			files = (
			);
			runOnlyForDeploymentPostprocessing = 0;
		};
		2A93816627EC2ABF006D3966 /* Frameworks */ = {
			isa = PBXFrameworksBuildPhase;
			buildActionMask = 2147483647;
			files = (
			);
			runOnlyForDeploymentPostprocessing = 0;
		};
		2A93817027EC2AC0006D3966 /* Frameworks */ = {
			isa = PBXFrameworksBuildPhase;
			buildActionMask = 2147483647;
			files = (
			);
			runOnlyForDeploymentPostprocessing = 0;
		};
/* End PBXFrameworksBuildPhase section */

/* Begin PBXGroup section */
		2A93814A27EC2ABE006D3966 = {
			isa = PBXGroup;
			children = (
				2A93815527EC2ABE006D3966 /* WeatherApplication */,
				2A93816C27EC2ABF006D3966 /* WeatherApplicationTests */,
				2A93817627EC2AC0006D3966 /* WeatherApplicationUITests */,
				2A93815427EC2ABE006D3966 /* Products */,
			);
			sourceTree = "<group>";
		};
		2A93815427EC2ABE006D3966 /* Products */ = {
			isa = PBXGroup;
			children = (
				2A93815327EC2ABE006D3966 /* WeatherApplication.app */,
				2A93816927EC2ABF006D3966 /* WeatherApplicationTests.xctest */,
				2A93817327EC2AC0006D3966 /* WeatherApplicationUITests.xctest */,
			);
			name = Products;
			sourceTree = "<group>";
		};
		2A93815527EC2ABE006D3966 /* WeatherApplication */ = {
			isa = PBXGroup;
			children = (
				2A9EA31627F1BFED00582901 /* weatherManager.swift */,
				2A9EA2D727F16E8700582901 /* models */,
				2A9EA2D527F16E3700582901 /* views */,
				2A9EA2D627F16E5500582901 /* controllers */,
				2A93815627EC2ABE006D3966 /* AppDelegate.swift */,
				2A93815827EC2ABE006D3966 /* SceneDelegate.swift */,
				2A93815F27EC2ABF006D3966 /* Assets.xcassets */,
				2A93816427EC2ABF006D3966 /* Info.plist */,
			);
			path = WeatherApplication;
			sourceTree = "<group>";
		};
		2A93816C27EC2ABF006D3966 /* WeatherApplicationTests */ = {
			isa = PBXGroup;
			children = (
				2A93816D27EC2ABF006D3966 /* WeatherApplicationTests.swift */,
			);
			path = WeatherApplicationTests;
			sourceTree = "<group>";
		};
		2A93817627EC2AC0006D3966 /* WeatherApplicationUITests */ = {
			isa = PBXGroup;
			children = (
				2A93817727EC2AC0006D3966 /* WeatherApplicationUITests.swift */,
				2A93817927EC2AC0006D3966 /* WeatherApplicationUITestsLaunchTests.swift */,
			);
			path = WeatherApplicationUITests;
			sourceTree = "<group>";
		};
		2A9EA2D527F16E3700582901 /* views */ = {
			isa = PBXGroup;
			children = (
				2A93816127EC2ABF006D3966 /* LaunchScreen.storyboard */,
				2A93815C27EC2ABE006D3966 /* Main.storyboard */,
			);
			path = views;
			sourceTree = "<group>";
		};
		2A9EA2D627F16E5500582901 /* controllers */ = {
			isa = PBXGroup;
			children = (
				2A93815A27EC2ABE006D3966 /* ViewController.swift */,
			);
			path = controllers;
			sourceTree = "<group>";
		};
		2A9EA2D727F16E8700582901 /* models */ = {
			isa = PBXGroup;
			children = (
				2A9EA31427F1BFCE00582901 /* weatherData.swift */,
				2A7A1C0827ED916D00905F9A /* weatherModel.swift */,
			);
			path = models;
			sourceTree = "<group>";
		};
/* End PBXGroup section */

/* Begin PBXNativeTarget section */
		2A93815227EC2ABE006D3966 /* WeatherApplication */ = {
			isa = PBXNativeTarget;
			buildConfigurationList = 2A93817D27EC2AC0006D3966 /* Build configuration list for PBXNativeTarget "WeatherApplication" */;
			buildPhases = (
				2A93814F27EC2ABE006D3966 /* Sources */,
				2A93815027EC2ABE006D3966 /* Frameworks */,
				2A93815127EC2ABE006D3966 /* Resources */,
			);
			buildRules = (
			);
			dependencies = (
			);
			name = WeatherApplication;
			productName = WeatherApplication;
			productReference = 2A93815327EC2ABE006D3966 /* WeatherApplication.app */;
			productType = "com.apple.product-type.application";
		};
		2A93816827EC2ABF006D3966 /* WeatherApplicationTests */ = {
			isa = PBXNativeTarget;
			buildConfigurationList = 2A93818027EC2AC0006D3966 /* Build configuration list for PBXNativeTarget "WeatherApplicationTests" */;
			buildPhases = (
				2A93816527EC2ABF006D3966 /* Sources */,
				2A93816627EC2ABF006D3966 /* Frameworks */,
				2A93816727EC2ABF006D3966 /* Resources */,
			);
			buildRules = (
			);
			dependencies = (
				2A93816B27EC2ABF006D3966 /* PBXTargetDependency */,
			);
			name = WeatherApplicationTests;
			productName = WeatherApplicationTests;
			productReference = 2A93816927EC2ABF006D3966 /* WeatherApplicationTests.xctest */;
			productType = "com.apple.product-type.bundle.unit-test";
		};
		2A93817227EC2AC0006D3966 /* WeatherApplicationUITests */ = {
			isa = PBXNativeTarget;
			buildConfigurationList = 2A93818327EC2AC0006D3966 /* Build configuration list for PBXNativeTarget "WeatherApplicationUITests" */;
			buildPhases = (
				2A93816F27EC2AC0006D3966 /* Sources */,
				2A93817027EC2AC0006D3966 /* Frameworks */,
				2A93817127EC2AC0006D3966 /* Resources */,
			);
			buildRules = (
			);
			dependencies = (
				2A93817527EC2AC0006D3966 /* PBXTargetDependency */,
			);
			name = WeatherApplicationUITests;
			productName = WeatherApplicationUITests;
			productReference = 2A93817327EC2AC0006D3966 /* WeatherApplicationUITests.xctest */;
			productType = "com.apple.product-type.bundle.ui-testing";
		};
/* End PBXNativeTarget section */

/* Begin PBXProject section */
		2A93814B27EC2ABE006D3966 /* Project object */ = {
			isa = PBXProject;
			attributes = {
				BuildIndependentTargetsInParallel = 1;
				LastSwiftUpdateCheck = 1330;
				LastUpgradeCheck = 1330;
				TargetAttributes = {
					2A93815227EC2ABE006D3966 = {
						CreatedOnToolsVersion = 13.3;
					};
					2A93816827EC2ABF006D3966 = {
						CreatedOnToolsVersion = 13.3;
						TestTargetID = 2A93815227EC2ABE006D3966;
					};
					2A93817227EC2AC0006D3966 = {
						CreatedOnToolsVersion = 13.3;
						TestTargetID = 2A93815227EC2ABE006D3966;
					};
				};
			};
			buildConfigurationList = 2A93814E27EC2ABE006D3966 /* Build configuration list for PBXProject "WeatherApplication" */;
			compatibilityVersion = "Xcode 13.0";
			developmentRegion = en;
			hasScannedForEncodings = 0;
			knownRegions = (
				en,
				Base,
			);
			mainGroup = 2A93814A27EC2ABE006D3966;
			productRefGroup = 2A93815427EC2ABE006D3966 /* Products */;
			projectDirPath = "";
			projectRoot = "";
			targets = (
				2A93815227EC2ABE006D3966 /* WeatherApplication */,
				2A93816827EC2ABF006D3966 /* WeatherApplicationTests */,
				2A93817227EC2AC0006D3966 /* WeatherApplicationUITests */,
			);
		};
/* End PBXProject section */

/* Begin PBXResourcesBuildPhase section */
		2A93815127EC2ABE006D3966 /* Resources */ = {
			isa = PBXResourcesBuildPhase;
			buildActionMask = 2147483647;
			files = (
				2A93816327EC2ABF006D3966 /* LaunchScreen.storyboard in Resources */,
				2A93816027EC2ABF006D3966 /* Assets.xcassets in Resources */,
				2A93815E27EC2ABE006D3966 /* Main.storyboard in Resources */,
			);
			runOnlyForDeploymentPostprocessing = 0;
		};
		2A93816727EC2ABF006D3966 /* Resources */ = {
			isa = PBXResourcesBuildPhase;
			buildActionMask = 2147483647;
			files = (
			);
			runOnlyForDeploymentPostprocessing = 0;
		};
		2A93817127EC2AC0006D3966 /* Resources */ = {
			isa = PBXResourcesBuildPhase;
			buildActionMask = 2147483647;
			files = (
			);
			runOnlyForDeploymentPostprocessing = 0;
		};
/* End PBXResourcesBuildPhase section */

/* Begin PBXSourcesBuildPhase section */
		2A93814F27EC2ABE006D3966 /* Sources */ = {
			isa = PBXSourcesBuildPhase;
			buildActionMask = 2147483647;
			files = (
				2A93815B27EC2ABE006D3966 /* ViewController.swift in Sources */,
				2A9EA31527F1BFCE00582901 /* weatherData.swift in Sources */,
				2A9EA31727F1BFED00582901 /* weatherManager.swift in Sources */,
				2A93815727EC2ABE006D3966 /* AppDelegate.swift in Sources */,
				2A7A1C0927ED916D00905F9A /* weatherModel.swift in Sources */,
				2A93815927EC2ABE006D3966 /* SceneDelegate.swift in Sources */,
			);
			runOnlyForDeploymentPostprocessing = 0;
		};
		2A93816527EC2ABF006D3966 /* Sources */ = {
			isa = PBXSourcesBuildPhase;
			buildActionMask = 2147483647;
			files = (
				2A93816E27EC2ABF006D3966 /* WeatherApplicationTests.swift in Sources */,
			);
			runOnlyForDeploymentPostprocessing = 0;
		};
		2A93816F27EC2AC0006D3966 /* Sources */ = {
			isa = PBXSourcesBuildPhase;
			buildActionMask = 2147483647;
			files = (
				2A93817A27EC2AC0006D3966 /* WeatherApplicationUITestsLaunchTests.swift in Sources */,
				2A93817827EC2AC0006D3966 /* WeatherApplicationUITests.swift in Sources */,
			);
			runOnlyForDeploymentPostprocessing = 0;
		};
/* End PBXSourcesBuildPhase section */

/* Begin PBXTargetDependency section */
		2A93816B27EC2ABF006D3966 /* PBXTargetDependency */ = {
			isa = PBXTargetDependency;
			target = 2A93815227EC2ABE006D3966 /* WeatherApplication */;
			targetProxy = 2A93816A27EC2ABF006D3966 /* PBXContainerItemProxy */;
		};
		2A93817527EC2AC0006D3966 /* PBXTargetDependency */ = {
			isa = PBXTargetDependency;
			target = 2A93815227EC2ABE006D3966 /* WeatherApplication */;
			targetProxy = 2A93817427EC2AC0006D3966 /* PBXContainerItemProxy */;
		};
/* End PBXTargetDependency section */

/* Begin PBXVariantGroup section */
		2A93815C27EC2ABE006D3966 /* Main.storyboard */ = {
			isa = PBXVariantGroup;
			children = (
				2A93815D27EC2ABE006D3966 /* Base */,
			);
			name = Main.storyboard;
			sourceTree = "<group>";
		};
		2A93816127EC2ABF006D3966 /* LaunchScreen.storyboard */ = {
			isa = PBXVariantGroup;
			children = (
				2A93816227EC2ABF006D3966 /* Base */,
			);
			name = LaunchScreen.storyboard;
			sourceTree = "<group>";
		};
/* End PBXVariantGroup section */

/* Begin XCBuildConfiguration section */
		2A93817B27EC2AC0006D3966 /* Debug */ = {
			isa = XCBuildConfiguration;
			buildSettings = {
				ALWAYS_SEARCH_USER_PATHS = NO;
				CLANG_ANALYZER_NONNULL = YES;
				CLANG_ANALYZER_NUMBER_OBJECT_CONVERSION = YES_AGGRESSIVE;
				CLANG_CXX_LANGUAGE_STANDARD = "gnu++17";
				CLANG_ENABLE_MODULES = YES;
				CLANG_ENABLE_OBJC_ARC = YES;
				CLANG_ENABLE_OBJC_WEAK = YES;
				CLANG_WARN_BLOCK_CAPTURE_AUTORELEASING = YES;
				CLANG_WARN_BOOL_CONVERSION = YES;
				CLANG_WARN_COMMA = YES;
				CLANG_WARN_CONSTANT_CONVERSION = YES;
				CLANG_WARN_DEPRECATED_OBJC_IMPLEMENTATIONS = YES;
				CLANG_WARN_DIRECT_OBJC_ISA_USAGE = YES_ERROR;
				CLANG_WARN_DOCUMENTATION_COMMENTS = YES;
				CLANG_WARN_EMPTY_BODY = YES;
				CLANG_WARN_ENUM_CONVERSION = YES;
				CLANG_WARN_INFINITE_RECURSION = YES;
				CLANG_WARN_INT_CONVERSION = YES;
				CLANG_WARN_NON_LITERAL_NULL_CONVERSION = YES;
				CLANG_WARN_OBJC_IMPLICIT_RETAIN_SELF = YES;
				CLANG_WARN_OBJC_LITERAL_CONVERSION = YES;
				CLANG_WARN_OBJC_ROOT_CLASS = YES_ERROR;
				CLANG_WARN_QUOTED_INCLUDE_IN_FRAMEWORK_HEADER = YES;
				CLANG_WARN_RANGE_LOOP_ANALYSIS = YES;
				CLANG_WARN_STRICT_PROTOTYPES = YES;
				CLANG_WARN_SUSPICIOUS_MOVE = YES;
				CLANG_WARN_UNGUARDED_AVAILABILITY = YES_AGGRESSIVE;
				CLANG_WARN_UNREACHABLE_CODE = YES;
				CLANG_WARN__DUPLICATE_METHOD_MATCH = YES;
				COPY_PHASE_STRIP = NO;
				DEBUG_INFORMATION_FORMAT = dwarf;
				ENABLE_STRICT_OBJC_MSGSEND = YES;
				ENABLE_TESTABILITY = YES;
				GCC_C_LANGUAGE_STANDARD = gnu11;
				GCC_DYNAMIC_NO_PIC = NO;
				GCC_NO_COMMON_BLOCKS = YES;
				GCC_OPTIMIZATION_LEVEL = 0;
				GCC_PREPROCESSOR_DEFINITIONS = (
					"DEBUG=1",
					"$(inherited)",
				);
				GCC_WARN_64_TO_32_BIT_CONVERSION = YES;
				GCC_WARN_ABOUT_RETURN_TYPE = YES_ERROR;
				GCC_WARN_UNDECLARED_SELECTOR = YES;
				GCC_WARN_UNINITIALIZED_AUTOS = YES_AGGRESSIVE;
				GCC_WARN_UNUSED_FUNCTION = YES;
				GCC_WARN_UNUSED_VARIABLE = YES;
				IPHONEOS_DEPLOYMENT_TARGET = 15.4;
				MTL_ENABLE_DEBUG_INFO = INCLUDE_SOURCE;
				MTL_FAST_MATH = YES;
				ONLY_ACTIVE_ARCH = YES;
				SDKROOT = iphoneos;
				SWIFT_ACTIVE_COMPILATION_CONDITIONS = DEBUG;
				SWIFT_OPTIMIZATION_LEVEL = "-Onone";
			};
			name = Debug;
		};
		2A93817C27EC2AC0006D3966 /* Release */ = {
			isa = XCBuildConfiguration;
			buildSettings = {
				ALWAYS_SEARCH_USER_PATHS = NO;
				CLANG_ANALYZER_NONNULL = YES;
				CLANG_ANALYZER_NUMBER_OBJECT_CONVERSION = YES_AGGRESSIVE;
				CLANG_CXX_LANGUAGE_STANDARD = "gnu++17";
				CLANG_ENABLE_MODULES = YES;
				CLANG_ENABLE_OBJC_ARC = YES;
				CLANG_ENABLE_OBJC_WEAK = YES;
				CLANG_WARN_BLOCK_CAPTURE_AUTORELEASING = YES;
				CLANG_WARN_BOOL_CONVERSION = YES;
				CLANG_WARN_COMMA = YES;
				CLANG_WARN_CONSTANT_CONVERSION = YES;
				CLANG_WARN_DEPRECATED_OBJC_IMPLEMENTATIONS = YES;
				CLANG_WARN_DIRECT_OBJC_ISA_USAGE = YES_ERROR;
				CLANG_WARN_DOCUMENTATION_COMMENTS = YES;
				CLANG_WARN_EMPTY_BODY = YES;
				CLANG_WARN_ENUM_CONVERSION = YES;
				CLANG_WARN_INFINITE_RECURSION = YES;
				CLANG_WARN_INT_CONVERSION = YES;
				CLANG_WARN_NON_LITERAL_NULL_CONVERSION = YES;
				CLANG_WARN_OBJC_IMPLICIT_RETAIN_SELF = YES;
				CLANG_WARN_OBJC_LITERAL_CONVERSION = YES;
				CLANG_WARN_OBJC_ROOT_CLASS = YES_ERROR;
				CLANG_WARN_QUOTED_INCLUDE_IN_FRAMEWORK_HEADER = YES;
				CLANG_WARN_RANGE_LOOP_ANALYSIS = YES;
				CLANG_WARN_STRICT_PROTOTYPES = YES;
				CLANG_WARN_SUSPICIOUS_MOVE = YES;
				CLANG_WARN_UNGUARDED_AVAILABILITY = YES_AGGRESSIVE;
				CLANG_WARN_UNREACHABLE_CODE = YES;
				CLANG_WARN__DUPLICATE_METHOD_MATCH = YES;
				COPY_PHASE_STRIP = NO;
				DEBUG_INFORMATION_FORMAT = "dwarf-with-dsym";
				ENABLE_NS_ASSERTIONS = NO;
				ENABLE_STRICT_OBJC_MSGSEND = YES;
				GCC_C_LANGUAGE_STANDARD = gnu11;
				GCC_NO_COMMON_BLOCKS = YES;
				GCC_WARN_64_TO_32_BIT_CONVERSION = YES;
				GCC_WARN_ABOUT_RETURN_TYPE = YES_ERROR;
				GCC_WARN_UNDECLARED_SELECTOR = YES;
				GCC_WARN_UNINITIALIZED_AUTOS = YES_AGGRESSIVE;
				GCC_WARN_UNUSED_FUNCTION = YES;
				GCC_WARN_UNUSED_VARIABLE = YES;
				IPHONEOS_DEPLOYMENT_TARGET = 15.4;
				MTL_ENABLE_DEBUG_INFO = NO;
				MTL_FAST_MATH = YES;
				SDKROOT = iphoneos;
				SWIFT_COMPILATION_MODE = wholemodule;
				SWIFT_OPTIMIZATION_LEVEL = "-O";
				VALIDATE_PRODUCT = YES;
			};
			name = Release;
		};
		2A93817E27EC2AC0006D3966 /* Debug */ = {
			isa = XCBuildConfiguration;
			buildSettings = {
				ASSETCATALOG_COMPILER_APPICON_NAME = AppIcon;
				ASSETCATALOG_COMPILER_GLOBAL_ACCENT_COLOR_NAME = AccentColor;
				CODE_SIGN_STYLE = Automatic;
				CURRENT_PROJECT_VERSION = 1;
				GENERATE_INFOPLIST_FILE = YES;
				INFOPLIST_FILE = WeatherApplication/Info.plist;
				INFOPLIST_KEY_UIApplicationSupportsIndirectInputEvents = YES;
				INFOPLIST_KEY_UILaunchStoryboardName = LaunchScreen;
				INFOPLIST_KEY_UIMainStoryboardFile = Main;
				INFOPLIST_KEY_UISupportedInterfaceOrientations_iPad = "UIInterfaceOrientationPortrait UIInterfaceOrientationPortraitUpsideDown UIInterfaceOrientationLandscapeLeft UIInterfaceOrientationLandscapeRight";
				INFOPLIST_KEY_UISupportedInterfaceOrientations_iPhone = "UIInterfaceOrientationPortrait UIInterfaceOrientationLandscapeLeft UIInterfaceOrientationLandscapeRight";
				LD_RUNPATH_SEARCH_PATHS = (
					"$(inherited)",
					"@executable_path/Frameworks",
				);
				MARKETING_VERSION = 1.0;
				PRODUCT_BUNDLE_IDENTIFIER = dellainfo.WeatherApplication;
				PRODUCT_NAME = "$(TARGET_NAME)";
				SWIFT_EMIT_LOC_STRINGS = YES;
				SWIFT_VERSION = 5.0;
				TARGETED_DEVICE_FAMILY = "1,2";
			};
			name = Debug;
		};
		2A93817F27EC2AC0006D3966 /* Release */ = {
			isa = XCBuildConfiguration;
			buildSettings = {
				ASSETCATALOG_COMPILER_APPICON_NAME = AppIcon;
				ASSETCATALOG_COMPILER_GLOBAL_ACCENT_COLOR_NAME = AccentColor;
				CODE_SIGN_STYLE = Automatic;
				CURRENT_PROJECT_VERSION = 1;
				GENERATE_INFOPLIST_FILE = YES;
				INFOPLIST_FILE = WeatherApplication/Info.plist;
				INFOPLIST_KEY_UIApplicationSupportsIndirectInputEvents = YES;
				INFOPLIST_KEY_UILaunchStoryboardName = LaunchScreen;
				INFOPLIST_KEY_UIMainStoryboardFile = Main;
				INFOPLIST_KEY_UISupportedInterfaceOrientations_iPad = "UIInterfaceOrientationPortrait UIInterfaceOrientationPortraitUpsideDown UIInterfaceOrientationLandscapeLeft UIInterfaceOrientationLandscapeRight";
				INFOPLIST_KEY_UISupportedInterfaceOrientations_iPhone = "UIInterfaceOrientationPortrait UIInterfaceOrientationLandscapeLeft UIInterfaceOrientationLandscapeRight";
				LD_RUNPATH_SEARCH_PATHS = (
					"$(inherited)",
					"@executable_path/Frameworks",
				);
				MARKETING_VERSION = 1.0;
				PRODUCT_BUNDLE_IDENTIFIER = dellainfo.WeatherApplication;
				PRODUCT_NAME = "$(TARGET_NAME)";
				SWIFT_EMIT_LOC_STRINGS = YES;
				SWIFT_VERSION = 5.0;
				TARGETED_DEVICE_FAMILY = "1,2";
			};
			name = Release;
		};
		2A93818127EC2AC0006D3966 /* Debug */ = {
			isa = XCBuildConfiguration;
			buildSettings = {
				ALWAYS_EMBED_SWIFT_STANDARD_LIBRARIES = YES;
				BUNDLE_LOADER = "$(TEST_HOST)";
				CODE_SIGN_STYLE = Automatic;
				CURRENT_PROJECT_VERSION = 1;
				GENERATE_INFOPLIST_FILE = YES;
				IPHONEOS_DEPLOYMENT_TARGET = 15.4;
				MARKETING_VERSION = 1.0;
				PRODUCT_BUNDLE_IDENTIFIER = dellainfo.WeatherApplicationTests;
				PRODUCT_NAME = "$(TARGET_NAME)";
				SWIFT_EMIT_LOC_STRINGS = NO;
				SWIFT_VERSION = 5.0;
				TARGETED_DEVICE_FAMILY = "1,2";
				TEST_HOST = "$(BUILT_PRODUCTS_DIR)/WeatherApplication.app/WeatherApplication";
			};
			name = Debug;
		};
		2A93818227EC2AC0006D3966 /* Release */ = {
			isa = XCBuildConfiguration;
			buildSettings = {
				ALWAYS_EMBED_SWIFT_STANDARD_LIBRARIES = YES;
				BUNDLE_LOADER = "$(TEST_HOST)";
				CODE_SIGN_STYLE = Automatic;
				CURRENT_PROJECT_VERSION = 1;
				GENERATE_INFOPLIST_FILE = YES;
				IPHONEOS_DEPLOYMENT_TARGET = 15.4;
				MARKETING_VERSION = 1.0;
				PRODUCT_BUNDLE_IDENTIFIER = dellainfo.WeatherApplicationTests;
				PRODUCT_NAME = "$(TARGET_NAME)";
				SWIFT_EMIT_LOC_STRINGS = NO;
				SWIFT_VERSION = 5.0;
				TARGETED_DEVICE_FAMILY = "1,2";
				TEST_HOST = "$(BUILT_PRODUCTS_DIR)/WeatherApplication.app/WeatherApplication";
			};
			name = Release;
		};
		2A93818427EC2AC0006D3966 /* Debug */ = {
			isa = XCBuildConfiguration;
			buildSettings = {
				ALWAYS_EMBED_SWIFT_STANDARD_LIBRARIES = YES;
				CODE_SIGN_STYLE = Automatic;
				CURRENT_PROJECT_VERSION = 1;
				GENERATE_INFOPLIST_FILE = YES;
				MARKETING_VERSION = 1.0;
				PRODUCT_BUNDLE_IDENTIFIER = dellainfo.WeatherApplicationUITests;
				PRODUCT_NAME = "$(TARGET_NAME)";
				SWIFT_EMIT_LOC_STRINGS = NO;
				SWIFT_VERSION = 5.0;
				TARGETED_DEVICE_FAMILY = "1,2";
				TEST_TARGET_NAME = WeatherApplication;
			};
			name = Debug;
		};
		2A93818527EC2AC0006D3966 /* Release */ = {
			isa = XCBuildConfiguration;
			buildSettings = {
				ALWAYS_EMBED_SWIFT_STANDARD_LIBRARIES = YES;
				CODE_SIGN_STYLE = Automatic;
				CURRENT_PROJECT_VERSION = 1;
				GENERATE_INFOPLIST_FILE = YES;
				MARKETING_VERSION = 1.0;
				PRODUCT_BUNDLE_IDENTIFIER = dellainfo.WeatherApplicationUITests;
				PRODUCT_NAME = "$(TARGET_NAME)";
				SWIFT_EMIT_LOC_STRINGS = NO;
				SWIFT_VERSION = 5.0;
				TARGETED_DEVICE_FAMILY = "1,2";
				TEST_TARGET_NAME = WeatherApplication;
			};
			name = Release;
		};
/* End XCBuildConfiguration section */

/* Begin XCConfigurationList section */
		2A93814E27EC2ABE006D3966 /* Build configuration list for PBXProject "WeatherApplication" */ = {
			isa = XCConfigurationList;
			buildConfigurations = (
				2A93817B27EC2AC0006D3966 /* Debug */,
				2A93817C27EC2AC0006D3966 /* Release */,
			);
			defaultConfigurationIsVisible = 0;
			defaultConfigurationName = Release;
		};
		2A93817D27EC2AC0006D3966 /* Build configuration list for PBXNativeTarget "WeatherApplication" */ = {
			isa = XCConfigurationList;
			buildConfigurations = (
				2A93817E27EC2AC0006D3966 /* Debug */,
				2A93817F27EC2AC0006D3966 /* Release */,
			);
			defaultConfigurationIsVisible = 0;
			defaultConfigurationName = Release;
		};
		2A93818027EC2AC0006D3966 /* Build configuration list for PBXNativeTarget "WeatherApplicationTests" */ = {
			isa = XCConfigurationList;
			buildConfigurations = (
				2A93818127EC2AC0006D3966 /* Debug */,
				2A93818227EC2AC0006D3966 /* Release */,
			);
			defaultConfigurationIsVisible = 0;
			defaultConfigurationName = Release;
		};
		2A93818327EC2AC0006D3966 /* Build configuration list for PBXNativeTarget "WeatherApplicationUITests" */ = {
			isa = XCConfigurationList;
			buildConfigurations = (
				2A93818427EC2AC0006D3966 /* Debug */,
				2A93818527EC2AC0006D3966 /* Release */,
			);
			defaultConfigurationIsVisible = 0;
			defaultConfigurationName = Release;
		};
/* End XCConfigurationList section */
	};
	rootObject = 2A93814B27EC2ABE006D3966 /* Project object */;
}
